# THIS IS AN AUTOGENERATED FILE. DO NOT EDIT THIS FILE DIRECTLY.
# yarn lockfile v1


"@actions/core@^1.11.1":
  version "1.11.1"
  resolved "https://pkgs.dev.azure.com/azure-public/VisualCpp/_packaging/cpp_PublicPackages/npm/registry/@actions/core/-/core-1.11.1.tgz#ae683aac5112438021588030efb53b1adb86f172"
  integrity sha1-rmg6rFESQ4AhWIAw77U7GtuG8XI=
  dependencies:
    "@actions/exec" "^1.1.1"
    "@actions/http-client" "^2.0.1"

"@actions/exec@^1.1.1":
  version "1.1.1"
  resolved "https://pkgs.dev.azure.com/azure-public/VisualCpp/_packaging/cpp_PublicPackages/npm/registry/@actions/exec/-/exec-1.1.1.tgz#2e43f28c54022537172819a7cf886c844221a611"
  integrity sha1-LkPyjFQCJTcXKBmnz4hshEIhphE=
  dependencies:
    "@actions/io" "^1.0.1"

"@actions/github@^6.0.1":
  version "6.0.1"
  resolved "https://pkgs.dev.azure.com/azure-public/VisualCpp/_packaging/cpp_PublicPackages/npm/registry/@actions/github/-/github-6.0.1.tgz#76e5f96df062c90635a7181ef45ff1c4ac21306e"
  integrity sha1-duX5bfBiyQY1pxge9F/xxKwhMG4=
  dependencies:
    "@actions/http-client" "^2.2.0"
    "@octokit/core" "^5.0.1"
    "@octokit/plugin-paginate-rest" "^9.2.2"
    "@octokit/plugin-rest-endpoint-methods" "^10.4.0"
    "@octokit/request" "^8.4.1"
    "@octokit/request-error" "^5.1.1"
    undici "^5.28.5"

"@actions/http-client@^2.0.1":
  version "2.0.1"
  resolved "https://pkgs.dev.azure.com/azure-public/VisualCpp/_packaging/cpp_PublicPackages/npm/registry/@actions/http-client/-/http-client-2.0.1.tgz#873f4ca98fe32f6839462a6f046332677322f99c"
  integrity sha512-PIXiMVtz6VvyaRsGY268qvj57hXQEpsYogYOu2nrQhlf+XCGmZstmuZBbAybUl1nQGnvS1k1eEsQ69ZoD7xlSw==
  dependencies:
    tunnel "^0.0.6"

"@actions/http-client@^2.2.0":
  version "2.2.3"
  resolved "https://pkgs.dev.azure.com/azure-public/VisualCpp/_packaging/cpp_PublicPackages/npm/registry/@actions/http-client/-/http-client-2.2.3.tgz#31fc0b25c0e665754ed39a9f19a8611fc6dab674"
  integrity sha1-MfwLJcDmZXVO05qfGahhH8batnQ=
  dependencies:
    tunnel "^0.0.6"
    undici "^5.25.4"

"@actions/io@^1.0.1":
  version "1.1.3"
  resolved "https://pkgs.dev.azure.com/azure-public/VisualCpp/_packaging/cpp_PublicPackages/npm/registry/@actions/io/-/io-1.1.3.tgz#4cdb6254da7962b07473ff5c335f3da485d94d71"
  integrity sha1-TNtiVNp5YrB0c/9cM189pIXZTXE=

"@eslint-community/eslint-utils@^4.2.0":
  version "4.7.0"
  resolved "https://pkgs.dev.azure.com/azure-public/VisualCpp/_packaging/cpp_PublicPackages/npm/registry/@eslint-community/eslint-utils/-/eslint-utils-4.7.0.tgz#607084630c6c033992a082de6e6fbc1a8b52175a"
  integrity sha1-YHCEYwxsAzmSoILebm+8GotSF1o=
  dependencies:
    eslint-visitor-keys "^3.4.3"

"@eslint-community/regexpp@^4.12.1":
  version "4.12.1"
  resolved "https://pkgs.dev.azure.com/azure-public/VisualCpp/_packaging/cpp_PublicPackages/npm/registry/@eslint-community/regexpp/-/regexpp-4.12.1.tgz#cfc6cffe39df390a3841cde2abccf92eaa7ae0e0"
  integrity sha1-z8bP/jnfOQo4Qc3iq8z5Lqp64OA=

"@eslint/config-array@^0.21.0":
  version "0.21.0"
  resolved "https://pkgs.dev.azure.com/azure-public/VisualCpp/_packaging/cpp_PublicPackages/npm/registry/@eslint/config-array/-/config-array-0.21.0.tgz#abdbcbd16b124c638081766392a4d6b509f72636"
  integrity sha1-q9vL0WsSTGOAgXZjkqTWtQn3JjY=
  dependencies:
    "@eslint/object-schema" "^2.1.6"
    debug "^4.3.1"
    minimatch "^3.1.2"

"@eslint/config-helpers@^0.3.0":
  version "0.3.0"
  resolved "https://pkgs.dev.azure.com/azure-public/VisualCpp/_packaging/cpp_PublicPackages/npm/registry/@eslint/config-helpers/-/config-helpers-0.3.0.tgz#3e09a90dfb87e0005c7694791e58e97077271286"
  integrity sha1-PgmpDfuH4ABcdpR5HljpcHcnEoY=

"@eslint/core@^0.15.0", "@eslint/core@^0.15.1":
  version "0.15.1"
  resolved "https://pkgs.dev.azure.com/azure-public/VisualCpp/_packaging/cpp_PublicPackages/npm/registry/@eslint/core/-/core-0.15.1.tgz#d530d44209cbfe2f82ef86d6ba08760196dd3b60"
  integrity sha1-1TDUQgnL/i+C74bWugh2AZbdO2A=
  dependencies:
    "@types/json-schema" "^7.0.15"

"@eslint/eslintrc@^3.3.1":
  version "3.3.1"
  resolved "https://pkgs.dev.azure.com/azure-public/VisualCpp/_packaging/cpp_PublicPackages/npm/registry/@eslint/eslintrc/-/eslintrc-3.3.1.tgz#e55f7f1dd400600dd066dbba349c4c0bac916964"
  integrity sha1-5V9/HdQAYA3QZtu6NJxMC6yRaWQ=
  dependencies:
    ajv "^6.12.4"
    debug "^4.3.2"
    espree "^10.0.1"
    globals "^14.0.0"
    ignore "^5.2.0"
    import-fresh "^3.2.1"
    js-yaml "^4.1.0"
    minimatch "^3.1.2"
    strip-json-comments "^3.1.1"

"@eslint/js@9.32.0":
  version "9.32.0"
  resolved "https://pkgs.dev.azure.com/azure-public/VisualCpp/_packaging/cpp_PublicPackages/npm/registry/@eslint/js/-/js-9.32.0.tgz#a02916f58bd587ea276876cb051b579a3d75d091"
  integrity sha1-oCkW9YvVh+onaHbLBRtXmj110JE=

"@eslint/object-schema@^2.1.6":
  version "2.1.6"
  resolved "https://pkgs.dev.azure.com/azure-public/VisualCpp/_packaging/cpp_PublicPackages/npm/registry/@eslint/object-schema/-/object-schema-2.1.6.tgz#58369ab5b5b3ca117880c0f6c0b0f32f6950f24f"
  integrity sha1-WDaatbWzyhF4gMD2wLDzL2lQ8k8=

"@eslint/plugin-kit@^0.3.4":
  version "0.3.4"
  resolved "https://pkgs.dev.azure.com/azure-public/VisualCpp/_packaging/cpp_PublicPackages/npm/registry/@eslint/plugin-kit/-/plugin-kit-0.3.4.tgz#c6b9f165e94bf4d9fdd493f1c028a94aaf5fc1cc"
  integrity sha1-xrnxZelL9Nn91JPxwCipSq9fwcw=
  dependencies:
    "@eslint/core" "^0.15.1"
    levn "^0.4.1"

"@fastify/busboy@^2.0.0":
  version "2.1.1"
  resolved "https://pkgs.dev.azure.com/azure-public/VisualCpp/_packaging/cpp_PublicPackages/npm/registry/@fastify/busboy/-/busboy-2.1.1.tgz#b9da6a878a371829a0502c9b6c1c143ef6663f4d"
  integrity sha1-udpqh4o3GCmgUCybbBwUPvZmP00=

"@humanfs/core@^0.19.1":
  version "0.19.1"
  resolved "https://pkgs.dev.azure.com/azure-public/VisualCpp/_packaging/cpp_PublicPackages/npm/registry/@humanfs/core/-/core-0.19.1.tgz#17c55ca7d426733fe3c561906b8173c336b40a77"
  integrity sha1-F8Vcp9Qmcz/jxWGQa4Fzwza0Cnc=

"@humanfs/node@^0.16.6":
  version "0.16.6"
  resolved "https://pkgs.dev.azure.com/azure-public/VisualCpp/_packaging/cpp_PublicPackages/npm/registry/@humanfs/node/-/node-0.16.6.tgz#ee2a10eaabd1131987bf0488fd9b820174cd765e"
  integrity sha1-7ioQ6qvRExmHvwSI/ZuCAXTNdl4=
  dependencies:
    "@humanfs/core" "^0.19.1"
    "@humanwhocodes/retry" "^0.3.0"

"@humanwhocodes/module-importer@^1.0.1":
  version "1.0.1"
  resolved "https://pkgs.dev.azure.com/azure-public/VisualCpp/_packaging/cpp_PublicPackages/npm/registry/@humanwhocodes/module-importer/-/module-importer-1.0.1.tgz#af5b2691a22b44be847b0ca81641c5fb6ad0172c"
  integrity sha1-r1smkaIrRL6EewyoFkHF+2rQFyw=

"@humanwhocodes/retry@^0.3.0":
  version "0.3.1"
  resolved "https://pkgs.dev.azure.com/azure-public/VisualCpp/_packaging/cpp_PublicPackages/npm/registry/@humanwhocodes/retry/-/retry-0.3.1.tgz#c72a5c76a9fbaf3488e231b13dc52c0da7bab42a"
  integrity sha1-xypcdqn7rzSI4jGxPcUsDae6tCo=

"@humanwhocodes/retry@^0.4.2":
  version "0.4.3"
  resolved "https://pkgs.dev.azure.com/azure-public/VisualCpp/_packaging/cpp_PublicPackages/npm/registry/@humanwhocodes/retry/-/retry-0.4.3.tgz#c2b9d2e374ee62c586d3adbea87199b1d7a7a6ba"
  integrity sha1-wrnS43TuYsWG062+qHGZsdenpro=

"@octokit/auth-token@^4.0.0":
  version "4.0.0"
  resolved "https://pkgs.dev.azure.com/azure-public/VisualCpp/_packaging/cpp_PublicPackages/npm/registry/@octokit/auth-token/-/auth-token-4.0.0.tgz#40d203ea827b9f17f42a29c6afb93b7745ef80c7"
  integrity sha1-QNID6oJ7nxf0KinGr7k7d0XvgMc=

"@octokit/core@^5.0.1":
  version "5.2.2"
  resolved "https://pkgs.dev.azure.com/azure-public/VisualCpp/_packaging/cpp_PublicPackages/npm/registry/@octokit/core/-/core-5.2.2.tgz#252805732de9b4e8e4f658d34b80c4c9b2534761"
  integrity sha1-JSgFcy3ptOjk9ljTS4DEybJTR2E=
  dependencies:
    "@octokit/auth-token" "^4.0.0"
    "@octokit/graphql" "^7.1.0"
    "@octokit/request" "^8.4.1"
    "@octokit/request-error" "^5.1.1"
    "@octokit/types" "^13.0.0"
    before-after-hook "^2.2.0"
    universal-user-agent "^6.0.0"

"@octokit/endpoint@^9.0.6":
  version "9.0.6"
  resolved "https://pkgs.dev.azure.com/azure-public/VisualCpp/_packaging/cpp_PublicPackages/npm/registry/@octokit/endpoint/-/endpoint-9.0.6.tgz#114d912108fe692d8b139cfe7fc0846dfd11b6c0"
  integrity sha1-EU2RIQj+aS2LE5z+f8CEbf0RtsA=
  dependencies:
    "@octokit/types" "^13.1.0"
    universal-user-agent "^6.0.0"

"@octokit/graphql@^7.1.0":
  version "7.1.1"
  resolved "https://pkgs.dev.azure.com/azure-public/VisualCpp/_packaging/cpp_PublicPackages/npm/registry/@octokit/graphql/-/graphql-7.1.1.tgz#79d9f3d0c96a8fd13d64186fe5c33606d48b79cc"
  integrity sha1-ednz0Mlqj9E9ZBhv5cM2BtSLecw=
  dependencies:
    "@octokit/request" "^8.4.1"
    "@octokit/types" "^13.0.0"
    universal-user-agent "^6.0.0"

"@octokit/openapi-types@^20.0.0":
  version "20.0.0"
  resolved "https://pkgs.dev.azure.com/azure-public/VisualCpp/_packaging/cpp_PublicPackages/npm/registry/@octokit/openapi-types/-/openapi-types-20.0.0.tgz#9ec2daa0090eeb865ee147636e0c00f73790c6e5"
  integrity sha1-nsLaoAkO64Ze4UdjbgwA9zeQxuU=

"@octokit/openapi-types@^24.2.0":
  version "24.2.0"
  resolved "https://pkgs.dev.azure.com/azure-public/VisualCpp/_packaging/cpp_PublicPackages/npm/registry/@octokit/openapi-types/-/openapi-types-24.2.0.tgz#3d55c32eac0d38da1a7083a9c3b0cca77924f7d3"
  integrity sha1-PVXDLqwNONoacIOpw7DMp3kk99M=

"@octokit/plugin-paginate-rest@^9.2.2":
  version "9.2.2"
  resolved "https://pkgs.dev.azure.com/azure-public/VisualCpp/_packaging/cpp_PublicPackages/npm/registry/@octokit/plugin-paginate-rest/-/plugin-paginate-rest-9.2.2.tgz#c516bc498736bcdaa9095b9a1d10d9d0501ae831"
  integrity sha1-xRa8SYc2vNqpCVuaHRDZ0FAa6DE=
  dependencies:
    "@octokit/types" "^12.6.0"

"@octokit/plugin-rest-endpoint-methods@^10.4.0":
  version "10.4.1"
  resolved "https://pkgs.dev.azure.com/azure-public/VisualCpp/_packaging/cpp_PublicPackages/npm/registry/@octokit/plugin-rest-endpoint-methods/-/plugin-rest-endpoint-methods-10.4.1.tgz#41ba478a558b9f554793075b2e20cd2ef973be17"
  integrity sha1-QbpHilWLn1VHkwdbLiDNLvlzvhc=
  dependencies:
    "@octokit/types" "^12.6.0"

"@octokit/request-error@^5.1.1":
  version "5.1.1"
  resolved "https://pkgs.dev.azure.com/azure-public/VisualCpp/_packaging/cpp_PublicPackages/npm/registry/@octokit/request-error/-/request-error-5.1.1.tgz#b9218f9c1166e68bb4d0c89b638edc62c9334805"
  integrity sha1-uSGPnBFm5ou00MibY47cYskzSAU=
  dependencies:
    "@octokit/types" "^13.1.0"
    deprecation "^2.0.0"
    once "^1.4.0"

"@octokit/request@^8.4.1":
  version "8.4.1"
  resolved "https://pkgs.dev.azure.com/azure-public/VisualCpp/_packaging/cpp_PublicPackages/npm/registry/@octokit/request/-/request-8.4.1.tgz#715a015ccf993087977ea4365c44791fc4572486"
  integrity sha1-cVoBXM+ZMIeXfqQ2XER5H8RXJIY=
  dependencies:
    "@octokit/endpoint" "^9.0.6"
    "@octokit/request-error" "^5.1.1"
    "@octokit/types" "^13.1.0"
    universal-user-agent "^6.0.0"

"@octokit/types@^12.6.0":
  version "12.6.0"
  resolved "https://pkgs.dev.azure.com/azure-public/VisualCpp/_packaging/cpp_PublicPackages/npm/registry/@octokit/types/-/types-12.6.0.tgz#8100fb9eeedfe083aae66473bd97b15b62aedcb2"
  integrity sha1-gQD7nu7f4IOq5mRzvZexW2Ku3LI=
  dependencies:
    "@octokit/openapi-types" "^20.0.0"

"@octokit/types@^13.0.0", "@octokit/types@^13.1.0":
  version "13.10.0"
  resolved "https://pkgs.dev.azure.com/azure-public/VisualCpp/_packaging/cpp_PublicPackages/npm/registry/@octokit/types/-/types-13.10.0.tgz#3e7c6b19c0236c270656e4ea666148c2b51fd1a3"
  integrity sha1-PnxrGcAjbCcGVuTqZmFIwrUf0aM=
  dependencies:
    "@octokit/openapi-types" "^24.2.0"

"@types/estree@^1.0.6":
  version "1.0.8"
  resolved "https://pkgs.dev.azure.com/azure-public/VisualCpp/_packaging/cpp_PublicPackages/npm/registry/@types/estree/-/estree-1.0.8.tgz#958b91c991b1867ced318bedea0e215ee050726e"
  integrity sha1-lYuRyZGxhnztMYvt6g4hXuBQcm4=

"@types/json-schema@^7.0.15":
  version "7.0.15"
  resolved "https://pkgs.dev.azure.com/azure-public/VisualCpp/_packaging/cpp_PublicPackages/npm/registry/@types/json-schema/-/json-schema-7.0.15.tgz#596a1747233694d50f6ad8a7869fcb6f56cf5841"
  integrity sha1-WWoXRyM2lNUPatinhp/Lb1bPWEE=

acorn-jsx@^5.3.2:
  version "5.3.2"
  resolved "https://pkgs.dev.azure.com/azure-public/VisualCpp/_packaging/cpp_PublicPackages/npm/registry/acorn-jsx/-/acorn-jsx-5.3.2.tgz#7ed5bb55908b3b2f1bc55c6af1653bada7f07937"
  integrity sha1-ftW7VZCLOy8bxVxq8WU7rafweTc=

acorn@^8.15.0:
  version "8.15.0"
  resolved "https://pkgs.dev.azure.com/azure-public/VisualCpp/_packaging/cpp_PublicPackages/npm/registry/acorn/-/acorn-8.15.0.tgz#a360898bc415edaac46c8241f6383975b930b816"
  integrity sha1-o2CJi8QV7arEbIJB9jg5dbkwuBY=

ajv@^6.12.4:
  version "6.12.6"
  resolved "https://pkgs.dev.azure.com/azure-public/VisualCpp/_packaging/cpp_PublicPackages/npm/registry/ajv/-/ajv-6.12.6.tgz#baf5a62e802b07d977034586f8c3baf5adf26df4"
  integrity sha512-j3fVLgvTo527anyYyJOGTYJbG+vnnQYvE0m5mmkc1TK+nxAppkCLMIL0aZ4dblVCNoGShhm+kzE4ZUykBoMg4g==
  dependencies:
    fast-deep-equal "^3.1.1"
    fast-json-stable-stringify "^2.0.0"
    json-schema-traverse "^0.4.1"
    uri-js "^4.2.2"

ansi-styles@^4.1.0:
  version "4.3.0"
  resolved "https://pkgs.dev.azure.com/azure-public/VisualCpp/_packaging/cpp_PublicPackages/npm/registry/ansi-styles/-/ansi-styles-4.3.0.tgz#edd803628ae71c04c85ae7a0906edad34b648937"
  integrity sha512-zbB9rCJAT1rbjiVDb2hqKFHNYLxgtk8NURxZ3IZwD3F6NtxbXZQCnnSi1Lkx+IDohdPlFp222wVALIheZJQSEg==
  dependencies:
    color-convert "^2.0.1"

argparse@^2.0.1:
  version "2.0.1"
  resolved "https://pkgs.dev.azure.com/azure-public/VisualCpp/_packaging/cpp_PublicPackages/npm/registry/argparse/-/argparse-2.0.1.tgz#246f50f3ca78a3240f6c997e8a9bd1eac49e4b38"
  integrity sha512-8+9WqebbFzpX9OR+Wa6O29asIogeRMzcGtAINdpMHHyAg10f05aSFVBbcEqGf/PXw1EjAZ+q2/bEBg3DvurK3Q==

balanced-match@^1.0.0:
  version "1.0.2"
  resolved "https://pkgs.dev.azure.com/azure-public/VisualCpp/_packaging/cpp_PublicPackages/npm/registry/balanced-match/-/balanced-match-1.0.2.tgz#e83e3a7e3f300b34cb9d87f615fa0cbf357690ee"
  integrity sha512-3oSeUO0TMV67hN1AmbXsK4yaqU7tjiHlbxRDZOpH0KW9+CeX4bRAaX0Anxt0tx2MrpRpWwQaPwIlISEJhYU5Pw==

before-after-hook@^2.2.0:
  version "2.2.3"
  resolved "https://pkgs.dev.azure.com/azure-public/VisualCpp/_packaging/cpp_PublicPackages/npm/registry/before-after-hook/-/before-after-hook-2.2.3.tgz#c51e809c81a4e354084422b9b26bad88249c517c"
  integrity sha1-xR6AnIGk41QIRCK5smutiCScUXw=

brace-expansion@^1.1.7:
  version "1.1.11"
  resolved "https://pkgs.dev.azure.com/azure-public/VisualCpp/_packaging/cpp_PublicPackages/npm/registry/brace-expansion/-/brace-expansion-1.1.11.tgz#3c7fcbf529d87226f3d2f52b966ff5271eb441dd"
  integrity sha512-iCuPHDFgrHX7H2vEI/5xpz07zSHB00TpugqhmYtVmMO6518mCuRMoOYFldEBl0g187ufozdaHgWKcYFb61qGiA==
  dependencies:
    balanced-match "^1.0.0"
    concat-map "0.0.1"

callsites@^3.0.0:
  version "3.1.0"
  resolved "https://pkgs.dev.azure.com/azure-public/VisualCpp/_packaging/cpp_PublicPackages/npm/registry/callsites/-/callsites-3.1.0.tgz#b3630abd8943432f54b3f0519238e33cd7df2f73"
  integrity sha512-P8BjAsXvZS+VIDUI11hHCQEv74YT67YUi5JJFNWIqL235sBmjX4+qx9Muvls5ivyNENctx46xQLQ3aTuE7ssaQ==

chalk@^4.0.0:
  version "4.1.2"
  resolved "https://pkgs.dev.azure.com/azure-public/VisualCpp/_packaging/cpp_PublicPackages/npm/registry/chalk/-/chalk-4.1.2.tgz#aac4e2b7734a740867aeb16bf02aad556a1e7a01"
  integrity sha512-oKnbhFyRIXpUuez8iBMmyEa4nbj4IOQyuhc/wy9kY7/WVPcwIO9VA668Pu8RkO7+0G76SLROeyw9CpQ061i4mA==
  dependencies:
    ansi-styles "^4.1.0"
    supports-color "^7.1.0"

color-convert@^2.0.1:
  version "2.0.1"
  resolved "https://pkgs.dev.azure.com/azure-public/VisualCpp/_packaging/cpp_PublicPackages/npm/registry/color-convert/-/color-convert-2.0.1.tgz#72d3a68d598c9bdb3af2ad1e84f21d896abd4de3"
  integrity sha512-RRECPsj7iu/xb5oKYcsFHSppFNnsj/52OVTRKb4zP5onXwVF3zVmmToNcOfGC+CRDpfK/U584fMg38ZHCaElKQ==
  dependencies:
    color-name "~1.1.4"

color-name@~1.1.4:
  version "1.1.4"
  resolved "https://pkgs.dev.azure.com/azure-public/VisualCpp/_packaging/cpp_PublicPackages/npm/registry/color-name/-/color-name-1.1.4.tgz#c2a09a87acbde69543de6f63fa3995c826c536a2"
  integrity sha512-dOy+3AuW3a2wNbZHIuMZpTcgjGuLU/uBL/ubcZF9OXbDo8ff4O8yVp5Bf0efS8uEoYo5q4Fx7dY9OgQGXgAsQA==

concat-map@0.0.1:
  version "0.0.1"
  resolved "https://pkgs.dev.azure.com/azure-public/VisualCpp/_packaging/cpp_PublicPackages/npm/registry/concat-map/-/concat-map-0.0.1.tgz#d8a96bd77fd68df7793a73036a3ba0d5405d477b"
  integrity sha512-/Srv4dswyQNBfohGpz9o6Yb3Gz3SrUDqBH5rTuhGR7ahtlbYKnVxw2bCFMRljaA7EXHaXZ8wsHdodFvbkhKmqg==

cross-spawn@^7.0.6:
  version "7.0.6"
  resolved "https://pkgs.dev.azure.com/azure-public/VisualCpp/_packaging/cpp_PublicPackages/npm/registry/cross-spawn/-/cross-spawn-7.0.6.tgz#8a58fe78f00dcd70c370451759dfbfaf03e8ee9f"
  integrity sha1-ilj+ePANzXDDcEUXWd+/rwPo7p8=
  dependencies:
    path-key "^3.1.0"
    shebang-command "^2.0.0"
    which "^2.0.1"

debug@^4.3.1:
  version "4.4.1"
  resolved "https://pkgs.dev.azure.com/azure-public/VisualCpp/_packaging/cpp_PublicPackages/npm/registry/debug/-/debug-4.4.1.tgz#e5a8bc6cbc4c6cd3e64308b0693a3d4fa550189b"
  integrity sha1-5ai8bLxMbNPmQwiwaTo9T6VQGJs=
  dependencies:
    ms "^2.1.3"

debug@^4.3.2:
  version "4.3.3"
  resolved "https://pkgs.dev.azure.com/azure-public/VisualCpp/_packaging/cpp_PublicPackages/npm/registry/debug/-/debug-4.3.3.tgz#04266e0b70a98d4462e6e288e38259213332b664"
  integrity sha512-/zxw5+vh1Tfv+4Qn7a5nsbcJKPaSvCDhojn6FEl9vupwK2VCSDtEiEtqr8DFtzYFOdz63LBkxec7DYuc2jon6Q==
  dependencies:
    ms "2.1.2"

deep-is@^0.1.3:
  version "0.1.4"
  resolved "https://pkgs.dev.azure.com/azure-public/VisualCpp/_packaging/cpp_PublicPackages/npm/registry/deep-is/-/deep-is-0.1.4.tgz#a6f2dce612fadd2ef1f519b73551f17e85199831"
  integrity sha512-oIPzksmTg4/MriiaYGO+okXDT7ztn/w3Eptv/+gSIdMdKsJo0u4CfYNFJPy+4SKMuCqGw2wxnA+URMg3t8a/bQ==

deprecation@^2.0.0:
  version "2.3.1"
  resolved "https://pkgs.dev.azure.com/azure-public/VisualCpp/_packaging/cpp_PublicPackages/npm/registry/deprecation/-/deprecation-2.3.1.tgz#6368cbdb40abf3373b525ac87e4a260c3a700919"
  integrity sha512-xmHIy4F3scKVwMsQ4WnVaS8bHOx0DmVwRywosKhaILI0ywMDWPtBSku2HNxRvF7jtwDRsoEwYQSfbxj8b7RlJQ==

escape-string-regexp@^4.0.0:
  version "4.0.0"
  resolved "https://pkgs.dev.azure.com/azure-public/VisualCpp/_packaging/cpp_PublicPackages/npm/registry/escape-string-regexp/-/escape-string-regexp-4.0.0.tgz#14ba83a5d373e3d311e5afca29cf5bfad965bf34"
  integrity sha512-TtpcNJ3XAzx3Gq8sWRzJaVajRs0uVxA2YAkdb1jm2YkPz4G6egUFAyA3n5vtEIZefPk5Wa4UXbKuS5fKkJWdgA==

eslint-scope@^8.4.0:
  version "8.4.0"
  resolved "https://pkgs.dev.azure.com/azure-public/VisualCpp/_packaging/cpp_PublicPackages/npm/registry/eslint-scope/-/eslint-scope-8.4.0.tgz#88e646a207fad61436ffa39eb505147200655c82"
  integrity sha1-iOZGogf61hQ2/6OetQUUcgBlXII=
  dependencies:
    esrecurse "^4.3.0"
    estraverse "^5.2.0"

eslint-visitor-keys@^3.4.3:
  version "3.4.3"
  resolved "https://pkgs.dev.azure.com/azure-public/VisualCpp/_packaging/cpp_PublicPackages/npm/registry/eslint-visitor-keys/-/eslint-visitor-keys-3.4.3.tgz#0cd72fe8550e3c2eae156a96a4dddcd1c8ac5800"
  integrity sha1-DNcv6FUOPC6uFWqWpN3c0cisWAA=

eslint-visitor-keys@^4.2.1:
  version "4.2.1"
  resolved "https://pkgs.dev.azure.com/azure-public/VisualCpp/_packaging/cpp_PublicPackages/npm/registry/eslint-visitor-keys/-/eslint-visitor-keys-4.2.1.tgz#4cfea60fe7dd0ad8e816e1ed026c1d5251b512c1"
  integrity sha1-TP6mD+fdCtjoFuHtAmwdUlG1EsE=

eslint@^9.32.0:
  version "9.32.0"
  resolved "https://pkgs.dev.azure.com/azure-public/VisualCpp/_packaging/cpp_PublicPackages/npm/registry/eslint/-/eslint-9.32.0.tgz#4ea28df4a8dbc454e1251e0f3aed4bcf4ce50a47"
  integrity sha1-TqKN9KjbxFThJR4POu1Lz0zlCkc=
  dependencies:
    "@eslint-community/eslint-utils" "^4.2.0"
    "@eslint-community/regexpp" "^4.12.1"
    "@eslint/config-array" "^0.21.0"
    "@eslint/config-helpers" "^0.3.0"
    "@eslint/core" "^0.15.0"
    "@eslint/eslintrc" "^3.3.1"
    "@eslint/js" "9.32.0"
    "@eslint/plugin-kit" "^0.3.4"
    "@humanfs/node" "^0.16.6"
    "@humanwhocodes/module-importer" "^1.0.1"
    "@humanwhocodes/retry" "^0.4.2"
    "@types/estree" "^1.0.6"
    "@types/json-schema" "^7.0.15"
    ajv "^6.12.4"
    chalk "^4.0.0"
    cross-spawn "^7.0.6"
    debug "^4.3.2"
    escape-string-regexp "^4.0.0"
    eslint-scope "^8.4.0"
    eslint-visitor-keys "^4.2.1"
    espree "^10.4.0"
    esquery "^1.5.0"
    esutils "^2.0.2"
    fast-deep-equal "^3.1.3"
    file-entry-cache "^8.0.0"
    find-up "^5.0.0"
    glob-parent "^6.0.2"
    ignore "^5.2.0"
    imurmurhash "^0.1.4"
    is-glob "^4.0.0"
    json-stable-stringify-without-jsonify "^1.0.1"
    lodash.merge "^4.6.2"
    minimatch "^3.1.2"
    natural-compare "^1.4.0"
    optionator "^0.9.3"

espree@^10.0.1, espree@^10.4.0:
  version "10.4.0"
  resolved "https://pkgs.dev.azure.com/azure-public/VisualCpp/_packaging/cpp_PublicPackages/npm/registry/espree/-/espree-10.4.0.tgz#d54f4949d4629005a1fa168d937c3ff1f7e2a837"
  integrity sha1-1U9JSdRikAWh+haNk3w/8ffiqDc=
  dependencies:
    acorn "^8.15.0"
    acorn-jsx "^5.3.2"
    eslint-visitor-keys "^4.2.1"

esquery@^1.5.0:
  version "1.6.0"
  resolved "https://pkgs.dev.azure.com/azure-public/VisualCpp/_packaging/cpp_PublicPackages/npm/registry/esquery/-/esquery-1.6.0.tgz#91419234f804d852a82dceec3e16cdc22cf9dae7"
  integrity sha1-kUGSNPgE2FKoLc7sPhbNwiz52uc=
  dependencies:
    estraverse "^5.1.0"

esrecurse@^4.3.0:
  version "4.3.0"
  resolved "https://pkgs.dev.azure.com/azure-public/VisualCpp/_packaging/cpp_PublicPackages/npm/registry/esrecurse/-/esrecurse-4.3.0.tgz#7ad7964d679abb28bee72cec63758b1c5d2c9921"
  integrity sha512-KmfKL3b6G+RXvP8N1vr3Tq1kL/oCFgn2NYXEtqP8/L3pKapUA4G8cFVaoF3SU323CD4XypR/ffioHmkti6/Tag==
  dependencies:
    estraverse "^5.2.0"

estraverse@^5.1.0, estraverse@^5.2.0:
  version "5.3.0"
  resolved "https://pkgs.dev.azure.com/azure-public/VisualCpp/_packaging/cpp_PublicPackages/npm/registry/estraverse/-/estraverse-5.3.0.tgz#2eea5290702f26ab8fe5370370ff86c965d21123"
  integrity sha512-MMdARuVEQziNTeJD8DgMqmhwR11BRQ/cBP+pLtYdSTnf3MIO8fFeiINEbX36ZdNlfU/7A9f3gUw49B3oQsvwBA==

esutils@^2.0.2:
  version "2.0.3"
  resolved "https://pkgs.dev.azure.com/azure-public/VisualCpp/_packaging/cpp_PublicPackages/npm/registry/esutils/-/esutils-2.0.3.tgz#74d2eb4de0b8da1293711910d50775b9b710ef64"
  integrity sha512-kVscqXk4OCp68SZ0dkgEKVi6/8ij300KBWTJq32P/dYeWTSwK41WyTxalN1eRmA5Z9UU/LX9D7FWSmV9SAYx6g==

fast-deep-equal@^3.1.1, fast-deep-equal@^3.1.3:
  version "3.1.3"
  resolved "https://pkgs.dev.azure.com/azure-public/VisualCpp/_packaging/cpp_PublicPackages/npm/registry/fast-deep-equal/-/fast-deep-equal-3.1.3.tgz#3a7d56b559d6cbc3eb512325244e619a65c6c525"
  integrity sha512-f3qQ9oQy9j2AhBe/H9VC91wLmKBCCU/gDOnKNAYG5hswO7BLKj09Hc5HYNz9cGI++xlpDCIgDaitVs03ATR84Q==

fast-json-stable-stringify@^2.0.0:
  version "2.1.0"
  resolved "https://pkgs.dev.azure.com/azure-public/VisualCpp/_packaging/cpp_PublicPackages/npm/registry/fast-json-stable-stringify/-/fast-json-stable-stringify-2.1.0.tgz#874bf69c6f404c2b5d99c481341399fd55892633"
  integrity sha512-lhd/wF+Lk98HZoTCtlVraHtfh5XYijIjalXck7saUtuanSDyLMxnHhSXEDJqHxD7msR8D0uCmqlkwjCV8xvwHw==

fast-levenshtein@^2.0.6:
  version "2.0.6"
  resolved "https://pkgs.dev.azure.com/azure-public/VisualCpp/_packaging/cpp_PublicPackages/npm/registry/fast-levenshtein/-/fast-levenshtein-2.0.6.tgz#3d8a5c66883a16a30ca8643e851f19baa7797917"
  integrity sha1-PYpcZog6FqMMqGQ+hR8Zuqd5eRc=

file-entry-cache@^8.0.0:
  version "8.0.0"
  resolved "https://pkgs.dev.azure.com/azure-public/VisualCpp/_packaging/cpp_PublicPackages/npm/registry/file-entry-cache/-/file-entry-cache-8.0.0.tgz#7787bddcf1131bffb92636c69457bbc0edd6d81f"
  integrity sha1-d4e93PETG/+5JjbGlFe7wO3W2B8=
  dependencies:
    flat-cache "^4.0.0"

find-up@^5.0.0:
  version "5.0.0"
  resolved "https://pkgs.dev.azure.com/azure-public/VisualCpp/_packaging/cpp_PublicPackages/npm/registry/find-up/-/find-up-5.0.0.tgz#4c92819ecb7083561e4f4a240a86be5198f536fc"
  integrity sha1-TJKBnstwg1YeT0okCoa+UZj1Nvw=
  dependencies:
    locate-path "^6.0.0"
    path-exists "^4.0.0"

flat-cache@^4.0.0:
  version "4.0.1"
  resolved "https://pkgs.dev.azure.com/azure-public/VisualCpp/_packaging/cpp_PublicPackages/npm/registry/flat-cache/-/flat-cache-4.0.1.tgz#0ece39fcb14ee012f4b0410bd33dd9c1f011127c"
  integrity sha1-Ds45/LFO4BL0sEEL0z3ZwfAREnw=
  dependencies:
    flatted "^3.2.9"
    keyv "^4.5.4"

flatted@^3.2.9:
  version "3.3.3"
  resolved "https://pkgs.dev.azure.com/azure-public/VisualCpp/_packaging/cpp_PublicPackages/npm/registry/flatted/-/flatted-3.3.3.tgz#67c8fad95454a7c7abebf74bb78ee74a44023358"
  integrity sha1-Z8j62VRUp8er6/dLt47nSkQCM1g=

glob-parent@^6.0.2:
  version "6.0.2"
  resolved "https://pkgs.dev.azure.com/azure-public/VisualCpp/_packaging/cpp_PublicPackages/npm/registry/glob-parent/-/glob-parent-6.0.2.tgz#6d237d99083950c79290f24c7642a3de9a28f9e3"
  integrity sha1-bSN9mQg5UMeSkPJMdkKj3poo+eM=
  dependencies:
    is-glob "^4.0.3"

globals@^14.0.0:
  version "14.0.0"
  resolved "https://pkgs.dev.azure.com/azure-public/VisualCpp/_packaging/cpp_PublicPackages/npm/registry/globals/-/globals-14.0.0.tgz#898d7413c29babcf6bafe56fcadded858ada724e"
  integrity sha1-iY10E8Kbq89rr+Vvyt3thYrack4=

has-flag@^4.0.0:
  version "4.0.0"
  resolved "https://pkgs.dev.azure.com/azure-public/VisualCpp/_packaging/cpp_PublicPackages/npm/registry/has-flag/-/has-flag-4.0.0.tgz#944771fd9c81c81265c4d6941860da06bb59479b"
  integrity sha512-EykJT/Q1KjTWctppgIAgfSO0tKVuZUjhgMr17kqTumMl6Afv3EISleU7qZUzoXDFTAHTDC4NOoG/ZxU3EvlMPQ==

ignore@^5.2.0:
  version "5.3.2"
  resolved "https://pkgs.dev.azure.com/azure-public/VisualCpp/_packaging/cpp_PublicPackages/npm/registry/ignore/-/ignore-5.3.2.tgz#3cd40e729f3643fd87cb04e50bf0eb722bc596f5"
  integrity sha1-PNQOcp82Q/2HywTlC/DrcivFlvU=

import-fresh@^3.2.1:
  version "3.3.0"
  resolved "https://pkgs.dev.azure.com/azure-public/VisualCpp/_packaging/cpp_PublicPackages/npm/registry/import-fresh/-/import-fresh-3.3.0.tgz#37162c25fcb9ebaa2e6e53d5b4d88ce17d9e0c2b"
  integrity sha512-veYYhQa+D1QBKznvhUHxb8faxlrwUnxseDAbAp457E0wLNio2bOSKnjYDhMj+YiAq61xrMGhQk9iXVk5FzgQMw==
  dependencies:
    parent-module "^1.0.0"
    resolve-from "^4.0.0"

imurmurhash@^0.1.4:
  version "0.1.4"
  resolved "https://pkgs.dev.azure.com/azure-public/VisualCpp/_packaging/cpp_PublicPackages/npm/registry/imurmurhash/-/imurmurhash-0.1.4.tgz#9218b9b2b928a238b13dc4fb6b6d576f231453ea"
  integrity sha1-khi5srkoojixPcT7a21XbyMUU+o=

is-extglob@^2.1.1:
  version "2.1.1"
  resolved "https://pkgs.dev.azure.com/azure-public/VisualCpp/_packaging/cpp_PublicPackages/npm/registry/is-extglob/-/is-extglob-2.1.1.tgz#a88c02535791f02ed37c76a1b9ea9773c833f8c2"
  integrity sha1-qIwCU1eR8C7TfHahueqXc8gz+MI=

is-glob@^4.0.0, is-glob@^4.0.3:
  version "4.0.3"
  resolved "https://pkgs.dev.azure.com/azure-public/VisualCpp/_packaging/cpp_PublicPackages/npm/registry/is-glob/-/is-glob-4.0.3.tgz#64f61e42cbbb2eec2071a9dac0b28ba1e65d5084"
  integrity sha512-xelSayHH36ZgE7ZWhli7pW34hNbNl8Ojv5KVmkJD4hBdD3th8Tfk9vYasLM+mXWOZhFkgZfxhLSnrwRr4elSSg==
  dependencies:
    is-extglob "^2.1.1"

isexe@^2.0.0:
  version "2.0.0"
  resolved "https://pkgs.dev.azure.com/azure-public/VisualCpp/_packaging/cpp_PublicPackages/npm/registry/isexe/-/isexe-2.0.0.tgz#e8fbf374dc556ff8947a10dcb0572d633f2cfa10"
  integrity sha1-6PvzdNxVb/iUehDcsFctYz8s+hA=

js-yaml@^4.1.0:
  version "4.1.0"
  resolved "https://pkgs.dev.azure.com/azure-public/VisualCpp/_packaging/cpp_PublicPackages/npm/registry/js-yaml/-/js-yaml-4.1.0.tgz#c1fb65f8f5017901cdd2c951864ba18458a10602"
  integrity sha512-wpxZs9NoxZaJESJGIZTyDEaYpl0FKSA+FB9aJiyemKhMwkxQg63h4T1KJgUGHpTqPDNRcmmYLugrRjJlBtWvRA==
  dependencies:
    argparse "^2.0.1"

json-buffer@3.0.1:
  version "3.0.1"
  resolved "https://pkgs.dev.azure.com/azure-public/VisualCpp/_packaging/cpp_PublicPackages/npm/registry/json-buffer/-/json-buffer-3.0.1.tgz#9338802a30d3b6605fbe0613e094008ca8c05a13"
  integrity sha1-kziAKjDTtmBfvgYT4JQAjKjAWhM=

json-schema-traverse@^0.4.1:
  version "0.4.1"
  resolved "https://pkgs.dev.azure.com/azure-public/VisualCpp/_packaging/cpp_PublicPackages/npm/registry/json-schema-traverse/-/json-schema-traverse-0.4.1.tgz#69f6a87d9513ab8bb8fe63bdb0979c448e684660"
  integrity sha512-xbbCH5dCYU5T8LcEhhuh7HJ88HXuW3qsI3Y0zOZFKfZEHcpWiHU/Jxzk629Brsab/mMiHQti9wMP+845RPe3Vg==

json-stable-stringify-without-jsonify@^1.0.1:
  version "1.0.1"
  resolved "https://pkgs.dev.azure.com/azure-public/VisualCpp/_packaging/cpp_PublicPackages/npm/registry/json-stable-stringify-without-jsonify/-/json-stable-stringify-without-jsonify-1.0.1.tgz#9db7b59496ad3f3cfef30a75142d2d930ad72651"
  integrity sha1-nbe1lJatPzz+8wp1FC0tkwrXJlE=

keyv@^4.5.4:
  version "4.5.4"
  resolved "https://pkgs.dev.azure.com/azure-public/VisualCpp/_packaging/cpp_PublicPackages/npm/registry/keyv/-/keyv-4.5.4.tgz#a879a99e29452f942439f2a405e3af8b31d4de93"
  integrity sha1-qHmpnilFL5QkOfKkBeOvizHU3pM=
  dependencies:
    json-buffer "3.0.1"

levn@^0.4.1:
  version "0.4.1"
  resolved "https://pkgs.dev.azure.com/azure-public/VisualCpp/_packaging/cpp_PublicPackages/npm/registry/levn/-/levn-0.4.1.tgz#ae4562c007473b932a6200d403268dd2fffc6ade"
  integrity sha512-+bT2uH4E5LGE7h/n3evcS/sQlJXCpIp6ym8OWJ5eV6+67Dsql/LaaT7qJBAt2rzfoa/5QBGBhxDix1dMt2kQKQ==
  dependencies:
    prelude-ls "^1.2.1"
    type-check "~0.4.0"

locate-path@^6.0.0:
  version "6.0.0"
  resolved "https://pkgs.dev.azure.com/azure-public/VisualCpp/_packaging/cpp_PublicPackages/npm/registry/locate-path/-/locate-path-6.0.0.tgz#55321eb309febbc59c4801d931a72452a681d286"
  integrity sha1-VTIeswn+u8WcSAHZMackUqaB0oY=
  dependencies:
    p-locate "^5.0.0"

lodash.merge@^4.6.2:
  version "4.6.2"
  resolved "https://pkgs.dev.azure.com/azure-public/VisualCpp/_packaging/cpp_PublicPackages/npm/registry/lodash.merge/-/lodash.merge-4.6.2.tgz#558aa53b43b661e1925a0afdfa36a9a1085fe57a"
  integrity sha512-0KpjqXRVvrYyCsX1swR/XTK0va6VQkQM6MNo7PqW77ByjAhoARA8EfrP1N4+KlKj8YS0ZUCtRT/YUuhyYDujIQ==

minimatch@^3.1.2:
  version "3.1.2"
  resolved "https://pkgs.dev.azure.com/azure-public/VisualCpp/_packaging/cpp_PublicPackages/npm/registry/minimatch/-/minimatch-3.1.2.tgz#19cd194bfd3e428f049a70817c038d89ab4be35b"
  integrity sha1-Gc0ZS/0+Qo8EmnCBfAONiatL41s=
  dependencies:
    brace-expansion "^1.1.7"

ms@2.1.2:
  version "2.1.2"
  resolved "https://pkgs.dev.azure.com/azure-public/VisualCpp/_packaging/cpp_PublicPackages/npm/registry/ms/-/ms-2.1.2.tgz#d09d1f357b443f493382a8eb3ccd183872ae6009"
  integrity sha512-sGkPx+VjMtmA6MX27oA4FBFELFCZZ4S4XqeGOXCv68tT+jb3vk/RyaKWP0PTKyWtmLSM0b+adUTEvbs1PEaH2w==

ms@^2.1.3:
  version "2.1.3"
  resolved "https://pkgs.dev.azure.com/azure-public/VisualCpp/_packaging/cpp_PublicPackages/npm/registry/ms/-/ms-2.1.3.tgz#574c8138ce1d2b5861f0b44579dbadd60c6615b2"
  integrity sha1-V0yBOM4dK1hh8LRFedut1gxmFbI=

natural-compare@^1.4.0:
  version "1.4.0"
  resolved "https://pkgs.dev.azure.com/azure-public/VisualCpp/_packaging/cpp_PublicPackages/npm/registry/natural-compare/-/natural-compare-1.4.0.tgz#4abebfeed7541f2c27acfb29bdbbd15c8d5ba4f7"
  integrity sha1-Sr6/7tdUHywnrPspvbvRXI1bpPc=

once@^1.4.0:
  version "1.4.0"
  resolved "https://pkgs.dev.azure.com/azure-public/VisualCpp/_packaging/cpp_PublicPackages/npm/registry/once/-/once-1.4.0.tgz#583b1aa775961d4b113ac17d9c50baef9dd76bd1"
  integrity sha1-WDsap3WWHUsROsF9nFC6753Xa9E=
  dependencies:
    wrappy "1"

optionator@^0.9.3:
  version "0.9.4"
  resolved "https://pkgs.dev.azure.com/azure-public/VisualCpp/_packaging/cpp_PublicPackages/npm/registry/optionator/-/optionator-0.9.4.tgz#7ea1c1a5d91d764fb282139c88fe11e182a3a734"
  integrity sha1-fqHBpdkddk+yghOciP4R4YKjpzQ=
  dependencies:
    deep-is "^0.1.3"
    fast-levenshtein "^2.0.6"
    levn "^0.4.1"
    prelude-ls "^1.2.1"
    type-check "^0.4.0"
    word-wrap "^1.2.5"

p-limit@^3.0.2:
  version "3.1.0"
  resolved "https://pkgs.dev.azure.com/azure-public/VisualCpp/_packaging/cpp_PublicPackages/npm/registry/p-limit/-/p-limit-3.1.0.tgz#e1daccbe78d0d1388ca18c64fea38e3e57e3706b"
  integrity sha1-4drMvnjQ0TiMoYxk/qOOPlfjcGs=
  dependencies:
    yocto-queue "^0.1.0"

p-locate@^5.0.0:
  version "5.0.0"
  resolved "https://pkgs.dev.azure.com/azure-public/VisualCpp/_packaging/cpp_PublicPackages/npm/registry/p-locate/-/p-locate-5.0.0.tgz#83c8315c6785005e3bd021839411c9e110e6d834"
  integrity sha1-g8gxXGeFAF470CGDlBHJ4RDm2DQ=
  dependencies:
    p-limit "^3.0.2"

parent-module@^1.0.0:
  version "1.0.1"
  resolved "https://pkgs.dev.azure.com/azure-public/VisualCpp/_packaging/cpp_PublicPackages/npm/registry/parent-module/-/parent-module-1.0.1.tgz#691d2709e78c79fae3a156622452d00762caaaa2"
  integrity sha512-GQ2EWRpQV8/o+Aw8YqtfZZPfNRWZYkbidE9k5rpl/hC3vtHHBfGm2Ifi6qWV+coDGkrUKZAxE3Lot5kcsRlh+g==
  dependencies:
    callsites "^3.0.0"

path-exists@^4.0.0:
  version "4.0.0"
  resolved "https://pkgs.dev.azure.com/azure-public/VisualCpp/_packaging/cpp_PublicPackages/npm/registry/path-exists/-/path-exists-4.0.0.tgz#513bdbe2d3b95d7762e8c1137efa195c6c61b5b3"
  integrity sha1-UTvb4tO5XXdi6METfvoZXGxhtbM=

path-key@^3.1.0:
  version "3.1.1"
  resolved "https://pkgs.dev.azure.com/azure-public/VisualCpp/_packaging/cpp_PublicPackages/npm/registry/path-key/-/path-key-3.1.1.tgz#581f6ade658cbba65a0d3380de7753295054f375"
  integrity sha512-ojmeN0qd+y0jszEtoY48r0Peq5dwMEkIlCOu6Q5f41lfkswXuKtYrhgoTpLnyIcHm24Uhqx+5Tqm2InSwLhE6Q==

prelude-ls@^1.2.1:
  version "1.2.1"
  resolved "https://pkgs.dev.azure.com/azure-public/VisualCpp/_packaging/cpp_PublicPackages/npm/registry/prelude-ls/-/prelude-ls-1.2.1.tgz#debc6489d7a6e6b0e7611888cec880337d316396"
  integrity sha512-vkcDPrRZo1QZLbn5RLGPpg/WmIQ65qoWWhcGKf/b5eplkkarX0m9z8ppCat4mlOqUsWpyNuYgO3VRyrYHSzX5g==

punycode@^2.1.0:
  version "2.1.1"
  resolved "https://pkgs.dev.azure.com/azure-public/VisualCpp/_packaging/cpp_PublicPackages/npm/registry/punycode/-/punycode-2.1.1.tgz#b58b010ac40c22c5657616c8d2c2c02c7bf479ec"
  integrity sha512-XRsRjdf+j5ml+y/6GKHPZbrF/8p2Yga0JPtdqTIY2Xe5ohJPD9saDJJLPvp9+NSBprVvevdXZybnj2cv8OEd0A==

resolve-from@^4.0.0:
  version "4.0.0"
  resolved "https://pkgs.dev.azure.com/azure-public/VisualCpp/_packaging/cpp_PublicPackages/npm/registry/resolve-from/-/resolve-from-4.0.0.tgz#4abcd852ad32dd7baabfe9b40e00a36db5f392e6"
  integrity sha512-pb/MYmXstAkysRFx8piNI1tGFNQIFA3vkE3Gq4EuA1dF6gHp/+vgZqsCGJapvy8N3Q+4o7FwvquPJcnZ7RYy4g==

shebang-command@^2.0.0:
  version "2.0.0"
  resolved "https://pkgs.dev.azure.com/azure-public/VisualCpp/_packaging/cpp_PublicPackages/npm/registry/shebang-command/-/shebang-command-2.0.0.tgz#ccd0af4f8835fbdc265b82461aaf0c36663f34ea"
  integrity sha512-kHxr2zZpYtdmrN1qDjrrX/Z1rR1kG8Dx+gkpK1G4eXmvXswmcE1hTWBWYUzlraYw1/yZp6YuDY77YtvbN0dmDA==
  dependencies:
    shebang-regex "^3.0.0"

shebang-regex@^3.0.0:
  version "3.0.0"
  resolved "https://pkgs.dev.azure.com/azure-public/VisualCpp/_packaging/cpp_PublicPackages/npm/registry/shebang-regex/-/shebang-regex-3.0.0.tgz#ae16f1644d873ecad843b0307b143362d4c42172"
  integrity sha512-7++dFhtcx3353uBaq8DDR4NuxBetBzC7ZQOhmTQInHEd6bSrXdiEyzCvG07Z44UYdLShWUyXt5M/yhz8ekcb1A==

strip-json-comments@^3.1.1:
  version "3.1.1"
  resolved "https://pkgs.dev.azure.com/azure-public/VisualCpp/_packaging/cpp_PublicPackages/npm/registry/strip-json-comments/-/strip-json-comments-3.1.1.tgz#31f1281b3832630434831c310c01cccda8cbe006"
  integrity sha512-6fPc+R4ihwqP6N/aIv2f1gMH8lOVtWQHoqC4yK6oSDVVocumAsfCqjkXnqiYMhmMwS/mEHLp7Vehlt3ql6lEig==

supports-color@^7.1.0:
  version "7.2.0"
  resolved "https://pkgs.dev.azure.com/azure-public/VisualCpp/_packaging/cpp_PublicPackages/npm/registry/supports-color/-/supports-color-7.2.0.tgz#1b7dcdcb32b8138801b3e478ba6a51caa89648da"
  integrity sha512-qpCAvRl9stuOHveKsn7HncJRvv501qIacKzQlO/+Lwxc9+0q2wLyv4Dfvt80/DPn2pqOBsJdDiogXGR9+OvwRw==
  dependencies:
    has-flag "^4.0.0"

tunnel@^0.0.6:
  version "0.0.6"
  resolved "https://pkgs.dev.azure.com/azure-public/VisualCpp/_packaging/cpp_PublicPackages/npm/registry/tunnel/-/tunnel-0.0.6.tgz#72f1314b34a5b192db012324df2cc587ca47f92c"
  integrity sha512-1h/Lnq9yajKY2PEbBadPXj3VxsDDu844OnaAo52UVmIzIvwwtBPIuNvkjuzBlTWpfJyUbG3ez0KSBibQkj4ojg==

type-check@^0.4.0, type-check@~0.4.0:
  version "0.4.0"
  resolved "https://pkgs.dev.azure.com/azure-public/VisualCpp/_packaging/cpp_PublicPackages/npm/registry/type-check/-/type-check-0.4.0.tgz#07b8203bfa7056c0657050e3ccd2c37730bab8f1"
  integrity sha512-XleUoc9uwGXqjWwXaUTZAmzMcFZ5858QA2vvx1Ur5xIcixXIP+8LnFDgRplU30us6teqdlskFfu+ae4K79Ooew==
  dependencies:
    prelude-ls "^1.2.1"

typescript@^5.9.2:
  version "5.9.2"
  resolved "https://pkgs.dev.azure.com/azure-public/VisualCpp/_packaging/cpp_PublicPackages/npm/registry/typescript/-/typescript-5.9.2.tgz#d93450cddec5154a2d5cabe3b8102b83316fb2a6"
  integrity sha1-2TRQzd7FFUotXKvjuBArgzFvsqY=

undici@^5.25.4, undici@^5.28.5:
  version "5.29.0"
  resolved "https://pkgs.dev.azure.com/azure-public/VisualCpp/_packaging/cpp_PublicPackages/npm/registry/undici/-/undici-5.29.0.tgz#419595449ae3f2cdcba3580a2e8903399bd1f5a3"
  integrity sha1-QZWVRJrj8s3Lo1gKLokDOZvR9aM=
  dependencies:
    "@fastify/busboy" "^2.0.0"

universal-user-agent@^6.0.0:
  version "6.0.0"
  resolved "https://pkgs.dev.azure.com/azure-public/VisualCpp/_packaging/cpp_PublicPackages/npm/registry/universal-user-agent/-/universal-user-agent-6.0.0.tgz#3381f8503b251c0d9cd21bc1de939ec9df5480ee"
  integrity sha512-isyNax3wXoKaulPDZWHQqbmIx1k2tb9fb3GGDBRxCscfYV2Ch7WxPArBsFEG8s/safwXTT7H4QGhaIkTp9447w==

uri-js@^4.2.2:
  version "4.4.1"
  resolved "https://pkgs.dev.azure.com/azure-public/VisualCpp/_packaging/cpp_PublicPackages/npm/registry/uri-js/-/uri-js-4.4.1.tgz#9b1a52595225859e55f669d928f88c6c57f2a77e"
  integrity sha512-7rKUyy33Q1yc98pQ1DAmLtwX109F7TIfWlW1Ydo8Wl1ii1SeHieeh0HHfPeL2fMXK6z0s8ecKs9frCuLJvndBg==
  dependencies:
    punycode "^2.1.0"

which@^2.0.1:
  version "2.0.2"
  resolved "https://pkgs.dev.azure.com/azure-public/VisualCpp/_packaging/cpp_PublicPackages/npm/registry/which/-/which-2.0.2.tgz#7c6a8dd0a636a0327e10b59c9286eee93f3f51b1"
  integrity sha512-BLI3Tl1TW3Pvl70l3yq3Y64i+awpwXqsGBYWkkqMtnbXgrMD+yj7rhW0kuEDxzJaYXGjEW5ogapKNMEKNMjibA==
  dependencies:
    isexe "^2.0.0"

word-wrap@^1.2.5:
  version "1.2.5"
  resolved "https://pkgs.dev.azure.com/azure-public/VisualCpp/_packaging/cpp_PublicPackages/npm/registry/word-wrap/-/word-wrap-1.2.5.tgz#d2c45c6dd4fbce621a66f136cbe328afd0410b34"
  integrity sha1-0sRcbdT7zmIaZvE2y+Mor9BBCzQ=

wrappy@1:
  version "1.0.2"
  resolved "https://pkgs.dev.azure.com/azure-public/VisualCpp/_packaging/cpp_PublicPackages/npm/registry/wrappy/-/wrappy-1.0.2.tgz#b5243d8f3ec1aa35f1364605bc0d1036e30ab69f"
  integrity sha1-tSQ9jz7BqjXxNkYFvA0QNuMKtp8=

yocto-queue@^0.1.0:
  version "0.1.0"
  resolved "https://pkgs.dev.azure.com/azure-public/VisualCpp/_packaging/cpp_PublicPackages/npm/registry/yocto-queue/-/yocto-queue-0.1.0.tgz#0294eb3dee05028d31ee1a5fa2c556a6aaf10a1b"
  integrity sha1-ApTrPe4FAo0x7hpfosVWpqrxChs=
